
Microsoft Visual Studio Solution File, Format Version 12.00
# Visual Studio Version 17
VisualStudioVersion = 17.9.34607.119
MinimumVisualStudioVersion = 10.0.40219.1
Project("{FAE04EC0-301F-11D3-BF4B-00C04F79EFBC}") = "Rugal.ExtendObject", "Rugal.ExtendObject\Rugal.ExtendObject.csproj", "{B7F2C6BD-A366-42ED-86D3-DE767DEA6EB1}"
EndProject
Global
	GlobalSection(SolutionConfigurationPlatforms) = preSolution
		Debug|Any CPU = Debug|Any CPU
		Release|Any CPU = Release|Any CPU
	EndGlobalSection
	GlobalSection(ProjectConfigurationPlatforms) = postSolution
		{B7F2C6BD-A366-42ED-86D3-DE767DEA6EB1}.Debug|Any CPU.ActiveCfg = Debug|Any CPU
		{B7F2C6BD-A366-42ED-86D3-DE767DEA6EB1}.Debug|Any CPU.Build.0 = Debug|Any CPU
		{B7F2C6BD-A366-42ED-86D3-DE767DEA6EB1}.Release|Any CPU.ActiveCfg = Release|Any CPU
		{B7F2C6BD-A366-42ED-86D3-DE767DEA6EB1}.Release|Any CPU.Build.0 = Release|Any CPU
	EndGlobalSection
	GlobalSection(SolutionProperties) = preSolution
		HideSolutionNode = FALSE
	EndGlobalSection
	GlobalSection(ExtensibilityGlobals) = postSolution
		SolutionGuid = {C91D4648-BAE0-488B-A367-BA9315BB6B70}
	EndGlobalSection
EndGlobal
